// !$*UTF8*$!
{
	archiveVersion = 1;
	classes = {
	};
	objectVersion = 46;
	objects = {

/* Begin PBXBuildFile section */
		4D2EB59B1C6A47CD007A87E7 /* PDFPageRenderable.swift in Sources */ = {isa = PBXBuildFile; fileRef = 4D2EB59A1C6A47CD007A87E7 /* PDFPageRenderable.swift */; };
		4D4F97931C63882F00108BEB /* PDFGenerator.h in Headers */ = {isa = PBXBuildFile; fileRef = 4D4F97921C63882F00108BEB /* PDFGenerator.h */; settings = {ATTRIBUTES = (Public, ); }; };
		4D4F979A1C63882F00108BEB /* PDFGenerator.framework in Frameworks */ = {isa = PBXBuildFile; fileRef = 4D4F978F1C63882F00108BEB /* PDFGenerator.framework */; };
		4D4F979F1C63882F00108BEB /* PDFGeneratorTests.swift in Sources */ = {isa = PBXBuildFile; fileRef = 4D4F979E1C63882F00108BEB /* PDFGeneratorTests.swift */; };
		4D4F97B01C6388AA00108BEB /* AppDelegate.swift in Sources */ = {isa = PBXBuildFile; fileRef = 4D4F97AF1C6388AA00108BEB /* AppDelegate.swift */; };
		4D4F97B21C6388AA00108BEB /* ViewController.swift in Sources */ = {isa = PBXBuildFile; fileRef = 4D4F97B11C6388AA00108BEB /* ViewController.swift */; };
		4D4F97B51C6388AA00108BEB /* Main.storyboard in Resources */ = {isa = PBXBuildFile; fileRef = 4D4F97B31C6388AA00108BEB /* Main.storyboard */; };
		4D4F97B71C6388AA00108BEB /* Assets.xcassets in Resources */ = {isa = PBXBuildFile; fileRef = 4D4F97B61C6388AA00108BEB /* Assets.xcassets */; };
		4D4F97BA1C6388AA00108BEB /* LaunchScreen.storyboard in Resources */ = {isa = PBXBuildFile; fileRef = 4D4F97B81C6388AA00108BEB /* LaunchScreen.storyboard */; };
		4D4F97C01C638AE000108BEB /* PDFGenerator.swift in Sources */ = {isa = PBXBuildFile; fileRef = 4D4F97BF1C638AE000108BEB /* PDFGenerator.swift */; };
		4D4F97CE1C639CCB00108BEB /* sample_0.jpg in Resources */ = {isa = PBXBuildFile; fileRef = 4D4F97C81C639CCB00108BEB /* sample_0.jpg */; };
		4D4F97CF1C639CCB00108BEB /* sample_1.jpg in Resources */ = {isa = PBXBuildFile; fileRef = 4D4F97C91C639CCB00108BEB /* sample_1.jpg */; };
		4D4F97D01C639CCB00108BEB /* sample_2.jpg in Resources */ = {isa = PBXBuildFile; fileRef = 4D4F97CA1C639CCB00108BEB /* sample_2.jpg */; };
		4D4F97D11C639CCB00108BEB /* sample_3.jpg in Resources */ = {isa = PBXBuildFile; fileRef = 4D4F97CB1C639CCB00108BEB /* sample_3.jpg */; };
		4D4F97D21C639CCB00108BEB /* sample_4.jpg in Resources */ = {isa = PBXBuildFile; fileRef = 4D4F97CC1C639CCB00108BEB /* sample_4.jpg */; };
		4D4F97D31C639CCB00108BEB /* sample_5.jpg in Resources */ = {isa = PBXBuildFile; fileRef = 4D4F97CD1C639CCB00108BEB /* sample_5.jpg */; };
		4D54FFEC1C65CFFD000A9036 /* PDFPreviewVC.swift in Sources */ = {isa = PBXBuildFile; fileRef = 4D54FFEB1C65CFFD000A9036 /* PDFPreviewVC.swift */; };
		4D7462BD1D43AEB50044FBBB /* PDFPasswordTests.swift in Sources */ = {isa = PBXBuildFile; fileRef = 4D7462BC1D43AEB50044FBBB /* PDFPasswordTests.swift */; };
		4D7A9A021D805C4D00475C2E /* PDFOutputViewController.swift in Sources */ = {isa = PBXBuildFile; fileRef = 4D7A9A011D805C4D00475C2E /* PDFOutputViewController.swift */; };
		4D85127A1D191BA4009EE05C /* PDFPage.swift in Sources */ = {isa = PBXBuildFile; fileRef = 4D8512791D191BA4009EE05C /* PDFPage.swift */; };
		4D8A9A6C1D2FB65600007E4B /* PDFPassword.swift in Sources */ = {isa = PBXBuildFile; fileRef = 4D8A9A6B1D2FB65600007E4B /* PDFPassword.swift */; };
		4D900B931C8174B8004034C2 /* SampleTableViewController.swift in Sources */ = {isa = PBXBuildFile; fileRef = 4D900B921C8174B8004034C2 /* SampleTableViewController.swift */; };
		4D900B951C817582004034C2 /* SampleTableViewCell.swift in Sources */ = {isa = PBXBuildFile; fileRef = 4D900B941C817582004034C2 /* SampleTableViewCell.swift */; };
		4DA8AC331D4350DE00F04F9D /* FilePathConvertible.swift in Sources */ = {isa = PBXBuildFile; fileRef = 4DA8AC321D4350DE00F04F9D /* FilePathConvertible.swift */; };
		4DA8AC351D43527D00F04F9D /* FilePathConvertibleTests.swift in Sources */ = {isa = PBXBuildFile; fileRef = 4DA8AC341D43527D00F04F9D /* FilePathConvertibleTests.swift */; };
		4DC0A7AE1C6C583000E843C8 /* test_image1.png in Resources */ = {isa = PBXBuildFile; fileRef = 4DC0A7AD1C6C583000E843C8 /* test_image1.png */; };
		4DD477E01D193ECB00D83D50 /* PDFGenerateError.swift in Sources */ = {isa = PBXBuildFile; fileRef = 4DD477DF1D193ECB00D83D50 /* PDFGenerateError.swift */; };
		4DD477E21D19449700D83D50 /* DPIType.swift in Sources */ = {isa = PBXBuildFile; fileRef = 4DD477E11D19449700D83D50 /* DPIType.swift */; };
		4DDF14FE1D43A931004ADB0B /* DPITests.swift in Sources */ = {isa = PBXBuildFile; fileRef = 4DDF14FD1D43A931004ADB0B /* DPITests.swift */; };
		4DF6DEB61CA2590900C97F30 /* WebViewController.swift in Sources */ = {isa = PBXBuildFile; fileRef = 4DF6DEB51CA2590900C97F30 /* WebViewController.swift */; };
		B45907781E44CC100063E596 /* PDFGenerator.framework in Frameworks */ = {isa = PBXBuildFile; fileRef = 4D4F978F1C63882F00108BEB /* PDFGenerator.framework */; };
		D47C1DBD21145ADC00AF7BAF /* PDFPagedScrollViewConfiguration.swift in Sources */ = {isa = PBXBuildFile; fileRef = D47C1DBC21145ADC00AF7BAF /* PDFPagedScrollViewConfiguration.swift */; };
/* End PBXBuildFile section */

/* Begin PBXContainerItemProxy section */
		4D4F979B1C63882F00108BEB /* PBXContainerItemProxy */ = {
			isa = PBXContainerItemProxy;
			containerPortal = 4D4F97861C63882F00108BEB /* Project object */;
			proxyType = 1;
			remoteGlobalIDString = 4D4F978E1C63882F00108BEB;
			remoteInfo = PDFMaker;
		};
		B45907791E44CC140063E596 /* PBXContainerItemProxy */ = {
			isa = PBXContainerItemProxy;
			containerPortal = 4D4F97861C63882F00108BEB /* Project object */;
			proxyType = 1;
			remoteGlobalIDString = 4D4F978E1C63882F00108BEB;
			remoteInfo = PDFGenerator;
		};
/* End PBXContainerItemProxy section */

/* Begin PBXFileReference section */
		1618D283215B4CD6005A2CE9 /* Info.plist */ = {isa = PBXFileReference; fileEncoding = 4; lastKnownFileType = text.plist.xml; path = Info.plist; sourceTree = "<group>"; };
		4D2EB59A1C6A47CD007A87E7 /* PDFPageRenderable.swift */ = {isa = PBXFileReference; fileEncoding = 4; lastKnownFileType = sourcecode.swift; path = PDFPageRenderable.swift; sourceTree = "<group>"; };
		4D4F978F1C63882F00108BEB /* PDFGenerator.framework */ = {isa = PBXFileReference; explicitFileType = wrapper.framework; includeInIndex = 0; path = PDFGenerator.framework; sourceTree = BUILT_PRODUCTS_DIR; };
		4D4F97921C63882F00108BEB /* PDFGenerator.h */ = {isa = PBXFileReference; lastKnownFileType = sourcecode.c.h; lineEnding = 0; path = PDFGenerator.h; sourceTree = "<group>"; xcLanguageSpecificationIdentifier = xcode.lang.objcpp; };
		4D4F97991C63882F00108BEB /* PDFGeneratorTests.xctest */ = {isa = PBXFileReference; explicitFileType = wrapper.cfbundle; includeInIndex = 0; path = PDFGeneratorTests.xctest; sourceTree = BUILT_PRODUCTS_DIR; };
		4D4F979E1C63882F00108BEB /* PDFGeneratorTests.swift */ = {isa = PBXFileReference; lastKnownFileType = sourcecode.swift; lineEnding = 0; path = PDFGeneratorTests.swift; sourceTree = "<group>"; xcLanguageSpecificationIdentifier = xcode.lang.swift; };
		4D4F97A01C63882F00108BEB /* Info.plist */ = {isa = PBXFileReference; lastKnownFileType = text.plist.xml; path = Info.plist; sourceTree = "<group>"; };
		4D4F97AD1C6388AA00108BEB /* Demo.app */ = {isa = PBXFileReference; explicitFileType = wrapper.application; includeInIndex = 0; path = Demo.app; sourceTree = BUILT_PRODUCTS_DIR; };
		4D4F97AF1C6388AA00108BEB /* AppDelegate.swift */ = {isa = PBXFileReference; lastKnownFileType = sourcecode.swift; path = AppDelegate.swift; sourceTree = "<group>"; };
		4D4F97B11C6388AA00108BEB /* ViewController.swift */ = {isa = PBXFileReference; lastKnownFileType = sourcecode.swift; lineEnding = 0; path = ViewController.swift; sourceTree = "<group>"; xcLanguageSpecificationIdentifier = xcode.lang.swift; };
		4D4F97B41C6388AA00108BEB /* Base */ = {isa = PBXFileReference; lastKnownFileType = file.storyboard; name = Base; path = Base.lproj/Main.storyboard; sourceTree = "<group>"; };
		4D4F97B61C6388AA00108BEB /* Assets.xcassets */ = {isa = PBXFileReference; lastKnownFileType = folder.assetcatalog; path = Assets.xcassets; sourceTree = "<group>"; };
		4D4F97B91C6388AA00108BEB /* Base */ = {isa = PBXFileReference; lastKnownFileType = file.storyboard; name = Base; path = Base.lproj/LaunchScreen.storyboard; sourceTree = "<group>"; };
		4D4F97BB1C6388AA00108BEB /* Info.plist */ = {isa = PBXFileReference; lastKnownFileType = text.plist.xml; path = Info.plist; sourceTree = "<group>"; };
		4D4F97BF1C638AE000108BEB /* PDFGenerator.swift */ = {isa = PBXFileReference; fileEncoding = 4; lastKnownFileType = sourcecode.swift; lineEnding = 0; path = PDFGenerator.swift; sourceTree = "<group>"; xcLanguageSpecificationIdentifier = xcode.lang.swift; };
		4D4F97C81C639CCB00108BEB /* sample_0.jpg */ = {isa = PBXFileReference; lastKnownFileType = image.jpeg; path = sample_0.jpg; sourceTree = "<group>"; };
		4D4F97C91C639CCB00108BEB /* sample_1.jpg */ = {isa = PBXFileReference; lastKnownFileType = image.jpeg; path = sample_1.jpg; sourceTree = "<group>"; };
		4D4F97CA1C639CCB00108BEB /* sample_2.jpg */ = {isa = PBXFileReference; lastKnownFileType = image.jpeg; path = sample_2.jpg; sourceTree = "<group>"; };
		4D4F97CB1C639CCB00108BEB /* sample_3.jpg */ = {isa = PBXFileReference; lastKnownFileType = image.jpeg; path = sample_3.jpg; sourceTree = "<group>"; };
		4D4F97CC1C639CCB00108BEB /* sample_4.jpg */ = {isa = PBXFileReference; lastKnownFileType = image.jpeg; path = sample_4.jpg; sourceTree = "<group>"; };
		4D4F97CD1C639CCB00108BEB /* sample_5.jpg */ = {isa = PBXFileReference; lastKnownFileType = image.jpeg; path = sample_5.jpg; sourceTree = "<group>"; };
		4D54FFEB1C65CFFD000A9036 /* PDFPreviewVC.swift */ = {isa = PBXFileReference; fileEncoding = 4; lastKnownFileType = sourcecode.swift; lineEnding = 0; path = PDFPreviewVC.swift; sourceTree = "<group>"; xcLanguageSpecificationIdentifier = xcode.lang.swift; };
		4D7462BC1D43AEB50044FBBB /* PDFPasswordTests.swift */ = {isa = PBXFileReference; fileEncoding = 4; lastKnownFileType = sourcecode.swift; path = PDFPasswordTests.swift; sourceTree = "<group>"; };
		4D7A9A011D805C4D00475C2E /* PDFOutputViewController.swift */ = {isa = PBXFileReference; fileEncoding = 4; lastKnownFileType = sourcecode.swift; path = PDFOutputViewController.swift; sourceTree = "<group>"; };
		4D8512791D191BA4009EE05C /* PDFPage.swift */ = {isa = PBXFileReference; fileEncoding = 4; lastKnownFileType = sourcecode.swift; path = PDFPage.swift; sourceTree = "<group>"; };
		4D8A9A6B1D2FB65600007E4B /* PDFPassword.swift */ = {isa = PBXFileReference; fileEncoding = 4; lastKnownFileType = sourcecode.swift; path = PDFPassword.swift; sourceTree = "<group>"; };
		4D900B921C8174B8004034C2 /* SampleTableViewController.swift */ = {isa = PBXFileReference; fileEncoding = 4; lastKnownFileType = sourcecode.swift; path = SampleTableViewController.swift; sourceTree = "<group>"; };
		4D900B941C817582004034C2 /* SampleTableViewCell.swift */ = {isa = PBXFileReference; fileEncoding = 4; lastKnownFileType = sourcecode.swift; path = SampleTableViewCell.swift; sourceTree = "<group>"; };
		4DA8AC321D4350DE00F04F9D /* FilePathConvertible.swift */ = {isa = PBXFileReference; fileEncoding = 4; lastKnownFileType = sourcecode.swift; path = FilePathConvertible.swift; sourceTree = "<group>"; };
		4DA8AC341D43527D00F04F9D /* FilePathConvertibleTests.swift */ = {isa = PBXFileReference; fileEncoding = 4; lastKnownFileType = sourcecode.swift; path = FilePathConvertibleTests.swift; sourceTree = "<group>"; };
		4DC0A7AD1C6C583000E843C8 /* test_image1.png */ = {isa = PBXFileReference; lastKnownFileType = image.png; path = test_image1.png; sourceTree = "<group>"; };
		4DD477DF1D193ECB00D83D50 /* PDFGenerateError.swift */ = {isa = PBXFileReference; fileEncoding = 4; lastKnownFileType = sourcecode.swift; path = PDFGenerateError.swift; sourceTree = "<group>"; };
		4DD477E11D19449700D83D50 /* DPIType.swift */ = {isa = PBXFileReference; fileEncoding = 4; lastKnownFileType = sourcecode.swift; path = DPIType.swift; sourceTree = "<group>"; };
		4DDF14FD1D43A931004ADB0B /* DPITests.swift */ = {isa = PBXFileReference; fileEncoding = 4; lastKnownFileType = sourcecode.swift; path = DPITests.swift; sourceTree = "<group>"; };
		4DF6DEB51CA2590900C97F30 /* WebViewController.swift */ = {isa = PBXFileReference; fileEncoding = 4; lastKnownFileType = sourcecode.swift; path = WebViewController.swift; sourceTree = "<group>"; };
		D47C1DBC21145ADC00AF7BAF /* PDFPagedScrollViewConfiguration.swift */ = {isa = PBXFileReference; fileEncoding = 4; lastKnownFileType = sourcecode.swift; path = PDFPagedScrollViewConfiguration.swift; sourceTree = "<group>"; };
/* End PBXFileReference section */

/* Begin PBXFrameworksBuildPhase section */
		4D4F978B1C63882F00108BEB /* Frameworks */ = {
			isa = PBXFrameworksBuildPhase;
			buildActionMask = 2147483647;
			files = (
			);
			runOnlyForDeploymentPostprocessing = 0;
		};
		4D4F97961C63882F00108BEB /* Frameworks */ = {
			isa = PBXFrameworksBuildPhase;
			buildActionMask = 2147483647;
			files = (
				4D4F979A1C63882F00108BEB /* PDFGenerator.framework in Frameworks */,
			);
			runOnlyForDeploymentPostprocessing = 0;
		};
		4D4F97AA1C6388AA00108BEB /* Frameworks */ = {
			isa = PBXFrameworksBuildPhase;
			buildActionMask = 2147483647;
			files = (
				B45907781E44CC100063E596 /* PDFGenerator.framework in Frameworks */,
			);
			runOnlyForDeploymentPostprocessing = 0;
		};
/* End PBXFrameworksBuildPhase section */

/* Begin PBXGroup section */
		148C591F237A202B001E239F /* Controllers */ = {
			isa = PBXGroup;
			children = (
				4D4F97B11C6388AA00108BEB /* ViewController.swift */,
				4D54FFEB1C65CFFD000A9036 /* PDFPreviewVC.swift */,
				4D900B921C8174B8004034C2 /* SampleTableViewController.swift */,
				4DF6DEB51CA2590900C97F30 /* WebViewController.swift */,
				4D7A9A011D805C4D00475C2E /* PDFOutputViewController.swift */,
			);
			path = Controllers;
			sourceTree = "<group>";
		};
		148C5920237A2030001E239F /* Views */ = {
			isa = PBXGroup;
			children = (
				4D900B941C817582004034C2 /* SampleTableViewCell.swift */,
				4D4F97B81C6388AA00108BEB /* LaunchScreen.storyboard */,
				4D4F97B31C6388AA00108BEB /* Main.storyboard */,
			);
			path = Views;
			sourceTree = "<group>";
		};
		4D4F97851C63882F00108BEB = {
			isa = PBXGroup;
			children = (
				4D4F97911C63882F00108BEB /* PDFGenerator */,
				4D4F979D1C63882F00108BEB /* PDFGeneratorTests */,
				4D4F97AE1C6388AA00108BEB /* Demo */,
				4D4F97901C63882F00108BEB /* Products */,
			);
			sourceTree = "<group>";
		};
		4D4F97901C63882F00108BEB /* Products */ = {
			isa = PBXGroup;
			children = (
				4D4F978F1C63882F00108BEB /* PDFGenerator.framework */,
				4D4F97991C63882F00108BEB /* PDFGeneratorTests.xctest */,
				4D4F97AD1C6388AA00108BEB /* Demo.app */,
			);
			name = Products;
			sourceTree = "<group>";
		};
		4D4F97911C63882F00108BEB /* PDFGenerator */ = {
			isa = PBXGroup;
			children = (
				4DD477E11D19449700D83D50 /* DPIType.swift */,
				4DA8AC321D4350DE00F04F9D /* FilePathConvertible.swift */,
				1618D283215B4CD6005A2CE9 /* Info.plist */,
				4DD477DF1D193ECB00D83D50 /* PDFGenerateError.swift */,
				4D4F97921C63882F00108BEB /* PDFGenerator.h */,
				4D4F97BF1C638AE000108BEB /* PDFGenerator.swift */,
				4D8512791D191BA4009EE05C /* PDFPage.swift */,
				D47C1DBC21145ADC00AF7BAF /* PDFPagedScrollViewConfiguration.swift */,
				4D2EB59A1C6A47CD007A87E7 /* PDFPageRenderable.swift */,
				4D8A9A6B1D2FB65600007E4B /* PDFPassword.swift */,
			);
			path = PDFGenerator;
			sourceTree = "<group>";
		};
		4D4F979D1C63882F00108BEB /* PDFGeneratorTests */ = {
			isa = PBXGroup;
			children = (
				4DC0A7AC1C6C583000E843C8 /* Images */,
				4D4F979E1C63882F00108BEB /* PDFGeneratorTests.swift */,
				4D4F97A01C63882F00108BEB /* Info.plist */,
				4DA8AC341D43527D00F04F9D /* FilePathConvertibleTests.swift */,
				4DDF14FD1D43A931004ADB0B /* DPITests.swift */,
				4D7462BC1D43AEB50044FBBB /* PDFPasswordTests.swift */,
			);
			path = PDFGeneratorTests;
			sourceTree = "<group>";
		};
		4D4F97AE1C6388AA00108BEB /* Demo */ = {
			isa = PBXGroup;
			children = (
				148C5920237A2030001E239F /* Views */,
				148C591F237A202B001E239F /* Controllers */,
				4D4F97C11C63966D00108BEB /* sample_images */,
				4D4F97AF1C6388AA00108BEB /* AppDelegate.swift */,
				4D4F97B61C6388AA00108BEB /* Assets.xcassets */,
				4D4F97BB1C6388AA00108BEB /* Info.plist */,
			);
			path = Demo;
			sourceTree = "<group>";
		};
		4D4F97C11C63966D00108BEB /* sample_images */ = {
			isa = PBXGroup;
			children = (
				4D4F97C81C639CCB00108BEB /* sample_0.jpg */,
				4D4F97C91C639CCB00108BEB /* sample_1.jpg */,
				4D4F97CA1C639CCB00108BEB /* sample_2.jpg */,
				4D4F97CB1C639CCB00108BEB /* sample_3.jpg */,
				4D4F97CC1C639CCB00108BEB /* sample_4.jpg */,
				4D4F97CD1C639CCB00108BEB /* sample_5.jpg */,
			);
			path = sample_images;
			sourceTree = "<group>";
		};
		4DC0A7AC1C6C583000E843C8 /* Images */ = {
			isa = PBXGroup;
			children = (
				4DC0A7AD1C6C583000E843C8 /* test_image1.png */,
			);
			path = Images;
			sourceTree = "<group>";
		};
/* End PBXGroup section */

/* Begin PBXHeadersBuildPhase section */
		4D4F978C1C63882F00108BEB /* Headers */ = {
			isa = PBXHeadersBuildPhase;
			buildActionMask = 2147483647;
			files = (
				4D4F97931C63882F00108BEB /* PDFGenerator.h in Headers */,
			);
			runOnlyForDeploymentPostprocessing = 0;
		};
/* End PBXHeadersBuildPhase section */

/* Begin PBXNativeTarget section */
		4D4F978E1C63882F00108BEB /* PDFGenerator */ = {
			isa = PBXNativeTarget;
			buildConfigurationList = 4D4F97A31C63882F00108BEB /* Build configuration list for PBXNativeTarget "PDFGenerator" */;
			buildPhases = (
				4DD477E31D1A354F00D83D50 /* swiftlint */,
				4D4F978A1C63882F00108BEB /* Sources */,
				4D4F978B1C63882F00108BEB /* Frameworks */,
				4D4F978C1C63882F00108BEB /* Headers */,
				4D4F978D1C63882F00108BEB /* Resources */,
			);
			buildRules = (
			);
			dependencies = (
			);
			name = PDFGenerator;
			productName = PDFMaker;
			productReference = 4D4F978F1C63882F00108BEB /* PDFGenerator.framework */;
			productType = "com.apple.product-type.framework";
		};
		4D4F97981C63882F00108BEB /* PDFGeneratorTests */ = {
			isa = PBXNativeTarget;
			buildConfigurationList = 4D4F97A61C63882F00108BEB /* Build configuration list for PBXNativeTarget "PDFGeneratorTests" */;
			buildPhases = (
				4D4F97951C63882F00108BEB /* Sources */,
				4D4F97961C63882F00108BEB /* Frameworks */,
				4D4F97971C63882F00108BEB /* Resources */,
			);
			buildRules = (
			);
			dependencies = (
				4D4F979C1C63882F00108BEB /* PBXTargetDependency */,
			);
			name = PDFGeneratorTests;
			productName = PDFMakerTests;
			productReference = 4D4F97991C63882F00108BEB /* PDFGeneratorTests.xctest */;
			productType = "com.apple.product-type.bundle.unit-test";
		};
		4D4F97AC1C6388AA00108BEB /* Demo */ = {
			isa = PBXNativeTarget;
			buildConfigurationList = 4D4F97BE1C6388AA00108BEB /* Build configuration list for PBXNativeTarget "Demo" */;
			buildPhases = (
				4D4F97A91C6388AA00108BEB /* Sources */,
				4D4F97AA1C6388AA00108BEB /* Frameworks */,
				4D4F97AB1C6388AA00108BEB /* Resources */,
			);
			buildRules = (
			);
			dependencies = (
				B459077A1E44CC140063E596 /* PBXTargetDependency */,
			);
			name = Demo;
			productName = Demo;
			productReference = 4D4F97AD1C6388AA00108BEB /* Demo.app */;
			productType = "com.apple.product-type.application";
		};
/* End PBXNativeTarget section */

/* Begin PBXProject section */
		4D4F97861C63882F00108BEB /* Project object */ = {
			isa = PBXProject;
			attributes = {
				LastSwiftUpdateCheck = 0720;
				LastUpgradeCheck = 1000;
				TargetAttributes = {
					4D4F978E1C63882F00108BEB = {
						CreatedOnToolsVersion = 7.2;
						LastSwiftMigration = 0900;
					};
					4D4F97981C63882F00108BEB = {
						CreatedOnToolsVersion = 7.2;
						LastSwiftMigration = 1000;
					};
					4D4F97AC1C6388AA00108BEB = {
						CreatedOnToolsVersion = 7.2;
						LastSwiftMigration = 0800;
					};
				};
			};
			buildConfigurationList = 4D4F97891C63882F00108BEB /* Build configuration list for PBXProject "PDFGenerator" */;
			compatibilityVersion = "Xcode 3.2";
			developmentRegion = en;
			hasScannedForEncodings = 0;
			knownRegions = (
				en,
				Base,
			);
			mainGroup = 4D4F97851C63882F00108BEB;
			productRefGroup = 4D4F97901C63882F00108BEB /* Products */;
			projectDirPath = "";
			projectRoot = "";
			targets = (
				4D4F978E1C63882F00108BEB /* PDFGenerator */,
				4D4F97981C63882F00108BEB /* PDFGeneratorTests */,
				4D4F97AC1C6388AA00108BEB /* Demo */,
			);
		};
/* End PBXProject section */

/* Begin PBXResourcesBuildPhase section */
		4D4F978D1C63882F00108BEB /* Resources */ = {
			isa = PBXResourcesBuildPhase;
			buildActionMask = 2147483647;
			files = (
			);
			runOnlyForDeploymentPostprocessing = 0;
		};
		4D4F97971C63882F00108BEB /* Resources */ = {
			isa = PBXResourcesBuildPhase;
			buildActionMask = 2147483647;
			files = (
				4DC0A7AE1C6C583000E843C8 /* test_image1.png in Resources */,
			);
			runOnlyForDeploymentPostprocessing = 0;
		};
		4D4F97AB1C6388AA00108BEB /* Resources */ = {
			isa = PBXResourcesBuildPhase;
			buildActionMask = 2147483647;
			files = (
				4D4F97D31C639CCB00108BEB /* sample_5.jpg in Resources */,
				4D4F97BA1C6388AA00108BEB /* LaunchScreen.storyboard in Resources */,
				4D4F97CE1C639CCB00108BEB /* sample_0.jpg in Resources */,
				4D4F97B71C6388AA00108BEB /* Assets.xcassets in Resources */,
				4D4F97CF1C639CCB00108BEB /* sample_1.jpg in Resources */,
				4D4F97B51C6388AA00108BEB /* Main.storyboard in Resources */,
				4D4F97D01C639CCB00108BEB /* sample_2.jpg in Resources */,
				4D4F97D21C639CCB00108BEB /* sample_4.jpg in Resources */,
				4D4F97D11C639CCB00108BEB /* sample_3.jpg in Resources */,
			);
			runOnlyForDeploymentPostprocessing = 0;
		};
/* End PBXResourcesBuildPhase section */

/* Begin PBXShellScriptBuildPhase section */
		4DD477E31D1A354F00D83D50 /* swiftlint */ = {
			isa = PBXShellScriptBuildPhase;
			buildActionMask = 2147483647;
			files = (
			);
			inputPaths = (
			);
			name = swiftlint;
			outputPaths = (
			);
			runOnlyForDeploymentPostprocessing = 0;
			shellPath = /bin/sh;
			shellScript = "if which swiftlint >/dev/null && [ -z ${CI+x} ]; then\n  swiftlint\nfi";
		};
/* End PBXShellScriptBuildPhase section */

/* Begin PBXSourcesBuildPhase section */
		4D4F978A1C63882F00108BEB /* Sources */ = {
			isa = PBXSourcesBuildPhase;
			buildActionMask = 2147483647;
			files = (
				4DD477E01D193ECB00D83D50 /* PDFGenerateError.swift in Sources */,
				4D4F97C01C638AE000108BEB /* PDFGenerator.swift in Sources */,
				4D2EB59B1C6A47CD007A87E7 /* PDFPageRenderable.swift in Sources */,
				4D85127A1D191BA4009EE05C /* PDFPage.swift in Sources */,
				4D8A9A6C1D2FB65600007E4B /* PDFPassword.swift in Sources */,
				D47C1DBD21145ADC00AF7BAF /* PDFPagedScrollViewConfiguration.swift in Sources */,
				4DA8AC331D4350DE00F04F9D /* FilePathConvertible.swift in Sources */,
				4DD477E21D19449700D83D50 /* DPIType.swift in Sources */,
			);
			runOnlyForDeploymentPostprocessing = 0;
		};
		4D4F97951C63882F00108BEB /* Sources */ = {
			isa = PBXSourcesBuildPhase;
			buildActionMask = 2147483647;
			files = (
				4DA8AC351D43527D00F04F9D /* FilePathConvertibleTests.swift in Sources */,
				4D7462BD1D43AEB50044FBBB /* PDFPasswordTests.swift in Sources */,
				4DDF14FE1D43A931004ADB0B /* DPITests.swift in Sources */,
				4D4F979F1C63882F00108BEB /* PDFGeneratorTests.swift in Sources */,
			);
			runOnlyForDeploymentPostprocessing = 0;
		};
		4D4F97A91C6388AA00108BEB /* Sources */ = {
			isa = PBXSourcesBuildPhase;
			buildActionMask = 2147483647;
			files = (
				4D7A9A021D805C4D00475C2E /* PDFOutputViewController.swift in Sources */,
				4D4F97B21C6388AA00108BEB /* ViewController.swift in Sources */,
				4DF6DEB61CA2590900C97F30 /* WebViewController.swift in Sources */,
				4D54FFEC1C65CFFD000A9036 /* PDFPreviewVC.swift in Sources */,
				4D900B951C817582004034C2 /* SampleTableViewCell.swift in Sources */,
				4D4F97B01C6388AA00108BEB /* AppDelegate.swift in Sources */,
				4D900B931C8174B8004034C2 /* SampleTableViewController.swift in Sources */,
			);
			runOnlyForDeploymentPostprocessing = 0;
		};
/* End PBXSourcesBuildPhase section */

/* Begin PBXTargetDependency section */
		4D4F979C1C63882F00108BEB /* PBXTargetDependency */ = {
			isa = PBXTargetDependency;
			target = 4D4F978E1C63882F00108BEB /* PDFGenerator */;
			targetProxy = 4D4F979B1C63882F00108BEB /* PBXContainerItemProxy */;
		};
		B459077A1E44CC140063E596 /* PBXTargetDependency */ = {
			isa = PBXTargetDependency;
			target = 4D4F978E1C63882F00108BEB /* PDFGenerator */;
			targetProxy = B45907791E44CC140063E596 /* PBXContainerItemProxy */;
		};
/* End PBXTargetDependency section */

/* Begin PBXVariantGroup section */
		4D4F97B31C6388AA00108BEB /* Main.storyboard */ = {
			isa = PBXVariantGroup;
			children = (
				4D4F97B41C6388AA00108BEB /* Base */,
			);
			name = Main.storyboard;
			sourceTree = "<group>";
		};
		4D4F97B81C6388AA00108BEB /* LaunchScreen.storyboard */ = {
			isa = PBXVariantGroup;
			children = (
				4D4F97B91C6388AA00108BEB /* Base */,
			);
			name = LaunchScreen.storyboard;
			sourceTree = "<group>";
		};
/* End PBXVariantGroup section */

/* Begin XCBuildConfiguration section */
		4D4F97A11C63882F00108BEB /* Debug */ = {
			isa = XCBuildConfiguration;
			buildSettings = {
				ALWAYS_SEARCH_USER_PATHS = NO;
				CLANG_CXX_LANGUAGE_STANDARD = "gnu++0x";
				CLANG_CXX_LIBRARY = "libc++";
				CLANG_ENABLE_MODULES = YES;
				CLANG_ENABLE_OBJC_ARC = YES;
				CLANG_WARN_BLOCK_CAPTURE_AUTORELEASING = YES;
				CLANG_WARN_BOOL_CONVERSION = YES;
				CLANG_WARN_COMMA = YES;
				CLANG_WARN_CONSTANT_CONVERSION = YES;
				CLANG_WARN_DEPRECATED_OBJC_IMPLEMENTATIONS = YES;
				CLANG_WARN_DIRECT_OBJC_ISA_USAGE = YES_ERROR;
				CLANG_WARN_EMPTY_BODY = YES;
				CLANG_WARN_ENUM_CONVERSION = YES;
				CLANG_WARN_INFINITE_RECURSION = YES;
				CLANG_WARN_INT_CONVERSION = YES;
				CLANG_WARN_NON_LITERAL_NULL_CONVERSION = YES;
				CLANG_WARN_OBJC_IMPLICIT_RETAIN_SELF = YES;
				CLANG_WARN_OBJC_LITERAL_CONVERSION = YES;
				CLANG_WARN_OBJC_ROOT_CLASS = YES_ERROR;
				CLANG_WARN_RANGE_LOOP_ANALYSIS = YES;
				CLANG_WARN_STRICT_PROTOTYPES = YES;
				CLANG_WARN_SUSPICIOUS_MOVE = YES;
				CLANG_WARN_UNREACHABLE_CODE = YES;
				CLANG_WARN__DUPLICATE_METHOD_MATCH = YES;
				"CODE_SIGN_IDENTITY[sdk=iphoneos*]" = "iPhone Developer";
				COPY_PHASE_STRIP = NO;
				CURRENT_PROJECT_VERSION = 1;
				DEBUG_INFORMATION_FORMAT = dwarf;
				ENABLE_STRICT_OBJC_MSGSEND = YES;
				ENABLE_TESTABILITY = YES;
				GCC_C_LANGUAGE_STANDARD = gnu99;
				GCC_DYNAMIC_NO_PIC = NO;
				GCC_NO_COMMON_BLOCKS = YES;
				GCC_OPTIMIZATION_LEVEL = 0;
				GCC_PREPROCESSOR_DEFINITIONS = (
					"DEBUG=1",
					"$(inherited)",
				);
				GCC_WARN_64_TO_32_BIT_CONVERSION = YES;
				GCC_WARN_ABOUT_RETURN_TYPE = YES_ERROR;
				GCC_WARN_UNDECLARED_SELECTOR = YES;
				GCC_WARN_UNINITIALIZED_AUTOS = YES_AGGRESSIVE;
				GCC_WARN_UNUSED_FUNCTION = YES;
				GCC_WARN_UNUSED_VARIABLE = YES;
				IPHONEOS_DEPLOYMENT_TARGET = 8.0;
				MTL_ENABLE_DEBUG_INFO = YES;
				ONLY_ACTIVE_ARCH = YES;
				SDKROOT = iphoneos;
				SWIFT_OPTIMIZATION_LEVEL = "-Onone";
				SWIFT_VERSION = 3.0;
				TARGETED_DEVICE_FAMILY = "1,2";
				VERSIONING_SYSTEM = "apple-generic";
				VERSION_INFO_PREFIX = "";
			};
			name = Debug;
		};
		4D4F97A21C63882F00108BEB /* Release */ = {
			isa = XCBuildConfiguration;
			buildSettings = {
				ALWAYS_SEARCH_USER_PATHS = NO;
				CLANG_CXX_LANGUAGE_STANDARD = "gnu++0x";
				CLANG_CXX_LIBRARY = "libc++";
				CLANG_ENABLE_MODULES = YES;
				CLANG_ENABLE_OBJC_ARC = YES;
				CLANG_WARN_BLOCK_CAPTURE_AUTORELEASING = YES;
				CLANG_WARN_BOOL_CONVERSION = YES;
				CLANG_WARN_COMMA = YES;
				CLANG_WARN_CONSTANT_CONVERSION = YES;
				CLANG_WARN_DEPRECATED_OBJC_IMPLEMENTATIONS = YES;
				CLANG_WARN_DIRECT_OBJC_ISA_USAGE = YES_ERROR;
				CLANG_WARN_EMPTY_BODY = YES;
				CLANG_WARN_ENUM_CONVERSION = YES;
				CLANG_WARN_INFINITE_RECURSION = YES;
				CLANG_WARN_INT_CONVERSION = YES;
				CLANG_WARN_NON_LITERAL_NULL_CONVERSION = YES;
				CLANG_WARN_OBJC_IMPLICIT_RETAIN_SELF = YES;
				CLANG_WARN_OBJC_LITERAL_CONVERSION = YES;
				CLANG_WARN_OBJC_ROOT_CLASS = YES_ERROR;
				CLANG_WARN_RANGE_LOOP_ANALYSIS = YES;
				CLANG_WARN_STRICT_PROTOTYPES = YES;
				CLANG_WARN_SUSPICIOUS_MOVE = YES;
				CLANG_WARN_UNREACHABLE_CODE = YES;
				CLANG_WARN__DUPLICATE_METHOD_MATCH = YES;
				"CODE_SIGN_IDENTITY[sdk=iphoneos*]" = "iPhone Developer";
				COPY_PHASE_STRIP = NO;
				CURRENT_PROJECT_VERSION = 1;
				DEBUG_INFORMATION_FORMAT = "dwarf-with-dsym";
				ENABLE_NS_ASSERTIONS = NO;
				ENABLE_STRICT_OBJC_MSGSEND = YES;
				GCC_C_LANGUAGE_STANDARD = gnu99;
				GCC_NO_COMMON_BLOCKS = YES;
				GCC_WARN_64_TO_32_BIT_CONVERSION = YES;
				GCC_WARN_ABOUT_RETURN_TYPE = YES_ERROR;
				GCC_WARN_UNDECLARED_SELECTOR = YES;
				GCC_WARN_UNINITIALIZED_AUTOS = YES_AGGRESSIVE;
				GCC_WARN_UNUSED_FUNCTION = YES;
				GCC_WARN_UNUSED_VARIABLE = YES;
				IPHONEOS_DEPLOYMENT_TARGET = 8.0;
				MTL_ENABLE_DEBUG_INFO = NO;
				SDKROOT = iphoneos;
				SWIFT_OPTIMIZATION_LEVEL = "-Owholemodule";
				SWIFT_VERSION = 3.0;
				TARGETED_DEVICE_FAMILY = "1,2";
				VALIDATE_PRODUCT = YES;
				VERSIONING_SYSTEM = "apple-generic";
				VERSION_INFO_PREFIX = "";
			};
			name = Release;
		};
		4D4F97A41C63882F00108BEB /* Debug */ = {
			isa = XCBuildConfiguration;
			buildSettings = {
				CLANG_ENABLE_MODULES = YES;
				"CODE_SIGN_IDENTITY[sdk=iphoneos*]" = "";
				DEFINES_MODULE = YES;
				DYLIB_COMPATIBILITY_VERSION = 1;
				DYLIB_CURRENT_VERSION = 1;
				DYLIB_INSTALL_NAME_BASE = "@rpath";
				INFOPLIST_FILE = PDFGenerator/Info.plist;
				INSTALL_PATH = "$(LOCAL_LIBRARY_DIR)/Frameworks";
				LD_RUNPATH_SEARCH_PATHS = "$(inherited) @executable_path/Frameworks @loader_path/Frameworks";
				PRODUCT_BUNDLE_IDENTIFIER = "com.github.sgr-ksmt.PDFGenerator";
				PRODUCT_NAME = "$(TARGET_NAME)";
				SKIP_INSTALL = YES;
				SWIFT_OPTIMIZATION_LEVEL = "-Onone";
				SWIFT_SWIFT3_OBJC_INFERENCE = Default;
				SWIFT_VERSION = 5.0;
			};
			name = Debug;
		};
		4D4F97A51C63882F00108BEB /* Release */ = {
			isa = XCBuildConfiguration;
			buildSettings = {
				CLANG_ENABLE_MODULES = YES;
				"CODE_SIGN_IDENTITY[sdk=iphoneos*]" = "";
				DEFINES_MODULE = YES;
				DYLIB_COMPATIBILITY_VERSION = 1;
				DYLIB_CURRENT_VERSION = 1;
				DYLIB_INSTALL_NAME_BASE = "@rpath";
				INFOPLIST_FILE = PDFGenerator/Info.plist;
				INSTALL_PATH = "$(LOCAL_LIBRARY_DIR)/Frameworks";
				LD_RUNPATH_SEARCH_PATHS = "$(inherited) @executable_path/Frameworks @loader_path/Frameworks";
				PRODUCT_BUNDLE_IDENTIFIER = "com.github.sgr-ksmt.PDFGenerator";
				PRODUCT_NAME = "$(TARGET_NAME)";
				SKIP_INSTALL = YES;
				SWIFT_SWIFT3_OBJC_INFERENCE = Default;
				SWIFT_VERSION = 5.0;
			};
			name = Release;
		};
		4D4F97A71C63882F00108BEB /* Debug */ = {
			isa = XCBuildConfiguration;
			buildSettings = {
				INFOPLIST_FILE = PDFGeneratorTests/Info.plist;
				LD_RUNPATH_SEARCH_PATHS = "$(inherited) @executable_path/Frameworks @loader_path/Frameworks";
				PRODUCT_BUNDLE_IDENTIFIER = "com.github.sgr-ksmt.PDFGeneratorTests";
				PRODUCT_NAME = "$(TARGET_NAME)";
				SWIFT_VERSION = 5.0;
			};
			name = Debug;
		};
		4D4F97A81C63882F00108BEB /* Release */ = {
			isa = XCBuildConfiguration;
			buildSettings = {
				INFOPLIST_FILE = PDFGeneratorTests/Info.plist;
				LD_RUNPATH_SEARCH_PATHS = "$(inherited) @executable_path/Frameworks @loader_path/Frameworks";
				PRODUCT_BUNDLE_IDENTIFIER = "com.github.sgr-ksmt.PDFGeneratorTests";
				PRODUCT_NAME = "$(TARGET_NAME)";
				SWIFT_VERSION = 5.0;
			};
			name = Release;
		};
		4D4F97BC1C6388AA00108BEB /* Debug */ = {
			isa = XCBuildConfiguration;
			buildSettings = {
				ASSETCATALOG_COMPILER_APPICON_NAME = AppIcon;
				INFOPLIST_FILE = Demo/Info.plist;
				LD_RUNPATH_SEARCH_PATHS = "$(inherited) @executable_path/Frameworks";
				PRODUCT_BUNDLE_IDENTIFIER = "com.github.sgr-ksmt.Demo";
				PRODUCT_NAME = "$(TARGET_NAME)";
				SWIFT_VERSION = 5.0;
			};
			name = Debug;
		};
		4D4F97BD1C6388AA00108BEB /* Release */ = {
			isa = XCBuildConfiguration;
			buildSettings = {
				ASSETCATALOG_COMPILER_APPICON_NAME = AppIcon;
				INFOPLIST_FILE = Demo/Info.plist;
				LD_RUNPATH_SEARCH_PATHS = "$(inherited) @executable_path/Frameworks";
				PRODUCT_BUNDLE_IDENTIFIER = "com.github.sgr-ksmt.Demo";
				PRODUCT_NAME = "$(TARGET_NAME)";
				SWIFT_VERSION = 5.0;
			};
			name = Release;
		};
/* End XCBuildConfiguration section */

/* Begin XCConfigurationList section */
		4D4F97891C63882F00108BEB /* Build configuration list for PBXProject "PDFGenerator" */ = {
			isa = XCConfigurationList;
			buildConfigurations = (
				4D4F97A11C63882F00108BEB /* Debug */,
				4D4F97A21C63882F00108BEB /* Release */,
			);
			defaultConfigurationIsVisible = 0;
			defaultConfigurationName = Release;
		};
		4D4F97A31C63882F00108BEB /* Build configuration list for PBXNativeTarget "PDFGenerator" */ = {
			isa = XCConfigurationList;
			buildConfigurations = (
				4D4F97A41C63882F00108BEB /* Debug */,
				4D4F97A51C63882F00108BEB /* Release */,
			);
			defaultConfigurationIsVisible = 0;
			defaultConfigurationName = Release;
		};
		4D4F97A61C63882F00108BEB /* Build configuration list for PBXNativeTarget "PDFGeneratorTests" */ = {
			isa = XCConfigurationList;
			buildConfigurations = (
				4D4F97A71C63882F00108BEB /* Debug */,
				4D4F97A81C63882F00108BEB /* Release */,
			);
			defaultConfigurationIsVisible = 0;
			defaultConfigurationName = Release;
		};
		4D4F97BE1C6388AA00108BEB /* Build configuration list for PBXNativeTarget "Demo" */ = {
			isa = XCConfigurationList;
			buildConfigurations = (
				4D4F97BC1C6388AA00108BEB /* Debug */,
				4D4F97BD1C6388AA00108BEB /* Release */,
			);
			defaultConfigurationIsVisible = 0;
			defaultConfigurationName = Release;
		};
/* End XCConfigurationList section */
	};
	rootObject = 4D4F97861C63882F00108BEB /* Project object */;
}
